
Microsoft Visual Studio Solution File, Format Version 12.00
# Visual Studio Version 16
VisualStudioVersion = 16.0.32602.291
MinimumVisualStudioVersion = 10.0.40219.1
Project("{FAE04EC0-301F-11D3-BF4B-00C04F79EFBC}") = "XP_Power_Control", "XP_Power_Control.csproj", "{C1D1B981-098E-4A0B-B354-9C721BCA75DF}"
EndProject
Global
	GlobalSection(SolutionConfigurationPlatforms) = preSolution
		Debug|Any CPU = Debug|Any CPU
		Release|Any CPU = Release|Any CPU
	EndGlobalSection
	GlobalSection(ProjectConfigurationPlatforms) = postSolution
		{C1D1B981-098E-4A0B-B354-9C721BCA75DF}.Debug|Any CPU.ActiveCfg = Debug|Any CPU
		{C1D1B981-098E-4A0B-B354-9C721BCA75DF}.Debug|Any CPU.Build.0 = Debug|Any CPU
		{C1D1B981-098E-4A0B-B354-9C721BCA75DF}.Release|Any CPU.ActiveCfg = Release|Any CPU
		{C1D1B981-098E-4A0B-B354-9C721BCA75DF}.Release|Any CPU.Build.0 = Release|Any CPU
	EndGlobalSection
	GlobalSection(SolutionProperties) = preSolution
		HideSolutionNode = FALSE
	EndGlobalSection
	GlobalSection(ExtensibilityGlobals) = postSolution
		SolutionGuid = {0738D81A-A77A-4C80-942E-EBCA015B520E}
	EndGlobalSection
EndGlobal
